
Microsoft Visual Studio Solution File, Format Version 12.00
# Visual Studio Version 16
VisualStudioVersion = 16.0.31321.278
MinimumVisualStudioVersion = 10.0.40219.1
Project("{9A19103F-16F7-4668-BE54-9A1E7A4F7556}") = "DotnetServer", "DotnetServer\DotnetServer.csproj", "{C1EBE1A0-12B9-4903-AE02-613EFC4CCCFF}"
EndProject
Project("{FAE04EC0-301F-11D3-BF4B-00C04F79EFBC}") = "NetProject", "NetProject\NetProject.csproj", "{2FBD505F-51FF-477E-A9E0-CB590E5255A8}"
EndProject
Global
	GlobalSection(SolutionConfigurationPlatforms) = preSolution
		Debug|Any CPU = Debug|Any CPU
		Release|Any CPU = Release|Any CPU
	EndGlobalSection
	GlobalSection(ProjectConfigurationPlatforms) = postSolution
		{C1EBE1A0-12B9-4903-AE02-613EFC4CCCFF}.Debug|Any CPU.ActiveCfg = Debug|Any CPU
		{C1EBE1A0-12B9-4903-AE02-613EFC4CCCFF}.Debug|Any CPU.Build.0 = Debug|Any CPU
		{C1EBE1A0-12B9-4903-AE02-613EFC4CCCFF}.Release|Any CPU.ActiveCfg = Release|Any CPU
		{C1EBE1A0-12B9-4903-AE02-613EFC4CCCFF}.Release|Any CPU.Build.0 = Release|Any CPU
		{2FBD505F-51FF-477E-A9E0-CB590E5255A8}.Debug|Any CPU.ActiveCfg = Debug|Any CPU
		{2FBD505F-51FF-477E-A9E0-CB590E5255A8}.Debug|Any CPU.Build.0 = Debug|Any CPU
		{2FBD505F-51FF-477E-A9E0-CB590E5255A8}.Release|Any CPU.ActiveCfg = Release|Any CPU
		{2FBD505F-51FF-477E-A9E0-CB590E5255A8}.Release|Any CPU.Build.0 = Release|Any CPU
	EndGlobalSection
	GlobalSection(SolutionProperties) = preSolution
		HideSolutionNode = FALSE
	EndGlobalSection
	GlobalSection(ExtensibilityGlobals) = postSolution
		SolutionGuid = {B06EF0BF-7A4C-42BC-B3F7-D8B482BF134E}
	EndGlobalSection
EndGlobal
